// !$*UTF8*$!
{
	archiveVersion = 1;
	classes = {
	};
	objectVersion = 46;
	objects = {

/* Begin PBXBuildFile section */
		4560AA0A51D197533698C4A9 /* Pods_YouTubeApp.framework in Frameworks */ = {isa = PBXBuildFile; fileRef = 38C3D2EB29881FDBE9E13357 /* Pods_YouTubeApp.framework */; };
		921B51CC1F23A13E001BB8D7 /* BaseSettingsLauncherCell.swift in Sources */ = {isa = PBXBuildFile; fileRef = 921B51CB1F23A13E001BB8D7 /* BaseSettingsLauncherCell.swift */; };
		92294A821EEC3F0700D09883 /* VideoCell.swift in Sources */ = {isa = PBXBuildFile; fileRef = 92294A811EEC3F0700D09883 /* VideoCell.swift */; };
		92294A841EEC3F3F00D09883 /* VideoCellViewModel.swift in Sources */ = {isa = PBXBuildFile; fileRef = 92294A831EEC3F3F00D09883 /* VideoCellViewModel.swift */; };
		92294A861EEC4B7200D09883 /* Video.swift in Sources */ = {isa = PBXBuildFile; fileRef = 92294A851EEC4B7200D09883 /* Video.swift */; };
		92294A8A1EEC515E00D09883 /* HomeCoordinator.swift in Sources */ = {isa = PBXBuildFile; fileRef = 92294A891EEC515E00D09883 /* HomeCoordinator.swift */; };
		92294A8C1EEC51C300D09883 /* Coordinator.swift in Sources */ = {isa = PBXBuildFile; fileRef = 92294A8B1EEC51C300D09883 /* Coordinator.swift */; };
		92294A8E1EEC541600D09883 /* AppCoodinator.swift in Sources */ = {isa = PBXBuildFile; fileRef = 92294A8D1EEC541600D09883 /* AppCoodinator.swift */; };
		92294A911EEC650A00D09883 /* UIView.swift in Sources */ = {isa = PBXBuildFile; fileRef = 92294A901EEC650A00D09883 /* UIView.swift */; };
		92294A931EED13FF00D09883 /* AppAppearance.swift in Sources */ = {isa = PBXBuildFile; fileRef = 92294A921EED13FF00D09883 /* AppAppearance.swift */; };
		92294A951EED235700D09883 /* UIColor.swift in Sources */ = {isa = PBXBuildFile; fileRef = 92294A941EED235700D09883 /* UIColor.swift */; };
		92294AA11EED9FE500D09883 /* BaseCell.swift in Sources */ = {isa = PBXBuildFile; fileRef = 92294AA01EED9FE500D09883 /* BaseCell.swift */; };
		922CB1E11F5A1B4400317951 /* HomeView.swift in Sources */ = {isa = PBXBuildFile; fileRef = 922CB1E01F5A1B4400317951 /* HomeView.swift */; };
		922CB1E51F63376D00317951 /* VideoPlayerView.swift in Sources */ = {isa = PBXBuildFile; fileRef = 922CB1E41F63376D00317951 /* VideoPlayerView.swift */; };
		922CB1E71F63379B00317951 /* VideoPlayerViewModel.swift in Sources */ = {isa = PBXBuildFile; fileRef = 922CB1E61F63379B00317951 /* VideoPlayerViewModel.swift */; };
		925952B61EEB28790050D14F /* AppDelegate.swift in Sources */ = {isa = PBXBuildFile; fileRef = 925952B51EEB28790050D14F /* AppDelegate.swift */; };
		925952B81EEB28790050D14F /* HomeController.swift in Sources */ = {isa = PBXBuildFile; fileRef = 925952B71EEB28790050D14F /* HomeController.swift */; };
		925952BD1EEB28790050D14F /* Assets.xcassets in Resources */ = {isa = PBXBuildFile; fileRef = 925952BC1EEB28790050D14F /* Assets.xcassets */; };
		925952C01EEB28790050D14F /* LaunchScreen.storyboard in Resources */ = {isa = PBXBuildFile; fileRef = 925952BE1EEB28790050D14F /* LaunchScreen.storyboard */; };
		925952CD1EEB2FA40050D14F /* HomeViewModel.swift in Sources */ = {isa = PBXBuildFile; fileRef = 925952CC1EEB2FA40050D14F /* HomeViewModel.swift */; };
		92AF1F3F1F17B808007ABBC3 /* BaseSettingsLauncher.swift in Sources */ = {isa = PBXBuildFile; fileRef = 92AF1F3E1F17B808007ABBC3 /* BaseSettingsLauncher.swift */; };
		92D0F51D1EF173A200754E88 /* Channel.swift in Sources */ = {isa = PBXBuildFile; fileRef = 92D0F51C1EF173A200754E88 /* Channel.swift */; };
/* End PBXBuildFile section */

/* Begin PBXFileReference section */
		38C3D2EB29881FDBE9E13357 /* Pods_YouTubeApp.framework */ = {isa = PBXFileReference; explicitFileType = wrapper.framework; includeInIndex = 0; path = Pods_YouTubeApp.framework; sourceTree = BUILT_PRODUCTS_DIR; };
		921B51CB1F23A13E001BB8D7 /* BaseSettingsLauncherCell.swift */ = {isa = PBXFileReference; lastKnownFileType = sourcecode.swift; name = BaseSettingsLauncherCell.swift; path = Base/BaseSettingsLauncherCell.swift; sourceTree = "<group>"; };
		92294A811EEC3F0700D09883 /* VideoCell.swift */ = {isa = PBXFileReference; fileEncoding = 4; lastKnownFileType = sourcecode.swift; name = VideoCell.swift; path = UI/Home/Cell/VideoCell.swift; sourceTree = "<group>"; };
		92294A831EEC3F3F00D09883 /* VideoCellViewModel.swift */ = {isa = PBXFileReference; fileEncoding = 4; lastKnownFileType = sourcecode.swift; name = VideoCellViewModel.swift; path = UI/Home/Cell/VideoCellViewModel.swift; sourceTree = "<group>"; };
		92294A851EEC4B7200D09883 /* Video.swift */ = {isa = PBXFileReference; fileEncoding = 4; lastKnownFileType = sourcecode.swift; name = Video.swift; path = Data/Entities/Video.swift; sourceTree = "<group>"; };
		92294A891EEC515E00D09883 /* HomeCoordinator.swift */ = {isa = PBXFileReference; fileEncoding = 4; lastKnownFileType = sourcecode.swift; name = HomeCoordinator.swift; path = UI/Home/HomeCoordinator.swift; sourceTree = "<group>"; };
		92294A8B1EEC51C300D09883 /* Coordinator.swift */ = {isa = PBXFileReference; fileEncoding = 4; lastKnownFileType = sourcecode.swift; path = Coordinator.swift; sourceTree = "<group>"; };
		92294A8D1EEC541600D09883 /* AppCoodinator.swift */ = {isa = PBXFileReference; fileEncoding = 4; lastKnownFileType = sourcecode.swift; path = AppCoodinator.swift; sourceTree = "<group>"; };
		92294A901EEC650A00D09883 /* UIView.swift */ = {isa = PBXFileReference; fileEncoding = 4; lastKnownFileType = sourcecode.swift; name = UIView.swift; path = Extensions/UIView.swift; sourceTree = "<group>"; };
		92294A921EED13FF00D09883 /* AppAppearance.swift */ = {isa = PBXFileReference; fileEncoding = 4; lastKnownFileType = sourcecode.swift; path = AppAppearance.swift; sourceTree = "<group>"; };
		92294A941EED235700D09883 /* UIColor.swift */ = {isa = PBXFileReference; fileEncoding = 4; lastKnownFileType = sourcecode.swift; name = UIColor.swift; path = Extensions/UIColor.swift; sourceTree = "<group>"; };
		92294AA01EED9FE500D09883 /* BaseCell.swift */ = {isa = PBXFileReference; fileEncoding = 4; lastKnownFileType = sourcecode.swift; name = BaseCell.swift; path = Base/BaseCell.swift; sourceTree = "<group>"; };
		922CB1E01F5A1B4400317951 /* HomeView.swift */ = {isa = PBXFileReference; fileEncoding = 4; lastKnownFileType = sourcecode.swift; name = HomeView.swift; path = UI/Home/Sections/HomeView/HomeView.swift; sourceTree = "<group>"; };
		922CB1E41F63376D00317951 /* VideoPlayerView.swift */ = {isa = PBXFileReference; fileEncoding = 4; lastKnownFileType = sourcecode.swift; name = VideoPlayerView.swift; path = UI/VideoPlayer/VideoPlayerView.swift; sourceTree = "<group>"; };
		922CB1E61F63379B00317951 /* VideoPlayerViewModel.swift */ = {isa = PBXFileReference; fileEncoding = 4; lastKnownFileType = sourcecode.swift; name = VideoPlayerViewModel.swift; path = UI/VideoPlayer/VideoPlayerViewModel.swift; sourceTree = "<group>"; };
		925952B21EEB28790050D14F /* YouTubeApp.app */ = {isa = PBXFileReference; explicitFileType = wrapper.application; includeInIndex = 0; path = YouTubeApp.app; sourceTree = BUILT_PRODUCTS_DIR; };
		925952B51EEB28790050D14F /* AppDelegate.swift */ = {isa = PBXFileReference; lastKnownFileType = sourcecode.swift; path = AppDelegate.swift; sourceTree = "<group>"; };
		925952B71EEB28790050D14F /* HomeController.swift */ = {isa = PBXFileReference; lastKnownFileType = sourcecode.swift; name = HomeController.swift; path = /Users/luisarias/Documents/Desarrollo/iOS/Apps/YouTubeApp/YouTubeApp/YouTubeApp/UI/Home/HomeController.swift; sourceTree = "<absolute>"; };
		925952BC1EEB28790050D14F /* Assets.xcassets */ = {isa = PBXFileReference; lastKnownFileType = folder.assetcatalog; path = Assets.xcassets; sourceTree = "<group>"; };
		925952BF1EEB28790050D14F /* Base */ = {isa = PBXFileReference; lastKnownFileType = file.storyboard; name = Base; path = Base.lproj/LaunchScreen.storyboard; sourceTree = "<group>"; };
		925952C11EEB28790050D14F /* Info.plist */ = {isa = PBXFileReference; lastKnownFileType = text.plist.xml; path = Info.plist; sourceTree = "<group>"; };
		925952CC1EEB2FA40050D14F /* HomeViewModel.swift */ = {isa = PBXFileReference; fileEncoding = 4; lastKnownFileType = sourcecode.swift; name = HomeViewModel.swift; path = UI/Home/HomeViewModel.swift; sourceTree = "<group>"; };
		92AF1F3E1F17B808007ABBC3 /* BaseSettingsLauncher.swift */ = {isa = PBXFileReference; fileEncoding = 4; lastKnownFileType = sourcecode.swift; name = BaseSettingsLauncher.swift; path = Base/BaseSettingsLauncher.swift; sourceTree = "<group>"; };
		92D0F51C1EF173A200754E88 /* Channel.swift */ = {isa = PBXFileReference; fileEncoding = 4; lastKnownFileType = sourcecode.swift; name = Channel.swift; path = Data/Entities/Channel.swift; sourceTree = "<group>"; };
		CC593323F3589F36B4788168 /* Pods-YouTubeApp.debug.xcconfig */ = {isa = PBXFileReference; includeInIndex = 1; lastKnownFileType = text.xcconfig; name = "Pods-YouTubeApp.debug.xcconfig"; path = "Pods/Target Support Files/Pods-YouTubeApp/Pods-YouTubeApp.debug.xcconfig"; sourceTree = "<group>"; };
		CEE90447F267E0ED70AFBE41 /* Pods-YouTubeApp.release.xcconfig */ = {isa = PBXFileReference; includeInIndex = 1; lastKnownFileType = text.xcconfig; name = "Pods-YouTubeApp.release.xcconfig"; path = "Pods/Target Support Files/Pods-YouTubeApp/Pods-YouTubeApp.release.xcconfig"; sourceTree = "<group>"; };
/* End PBXFileReference section */

/* Begin PBXFrameworksBuildPhase section */
		925952AF1EEB28790050D14F /* Frameworks */ = {
			isa = PBXFrameworksBuildPhase;
			buildActionMask = 2147483647;
			files = (
				4560AA0A51D197533698C4A9 /* Pods_YouTubeApp.framework in Frameworks */,
			);
			runOnlyForDeploymentPostprocessing = 0;
		};
/* End PBXFrameworksBuildPhase section */

/* Begin PBXGroup section */
		0482CCC2D471244F8989C0FE /* Pods */ = {
			isa = PBXGroup;
			children = (
				CC593323F3589F36B4788168 /* Pods-YouTubeApp.debug.xcconfig */,
				CEE90447F267E0ED70AFBE41 /* Pods-YouTubeApp.release.xcconfig */,
			);
			name = Pods;
			sourceTree = "<group>";
		};
		92294A801EEC3EE500D09883 /* Cell */ = {
			isa = PBXGroup;
			children = (
				92294A811EEC3F0700D09883 /* VideoCell.swift */,
				92294A831EEC3F3F00D09883 /* VideoCellViewModel.swift */,
			);
			name = Cell;
			sourceTree = "<group>";
		};
		92294A8F1EEC64ED00D09883 /* Extensions */ = {
			isa = PBXGroup;
			children = (
				92294A901EEC650A00D09883 /* UIView.swift */,
				92294A941EED235700D09883 /* UIColor.swift */,
			);
			name = Extensions;
			sourceTree = "<group>";
		};
		92294A9F1EED9FC900D09883 /* Base */ = {
			isa = PBXGroup;
			children = (
				92294AA01EED9FE500D09883 /* BaseCell.swift */,
				92AF1F3E1F17B808007ABBC3 /* BaseSettingsLauncher.swift */,
				921B51CB1F23A13E001BB8D7 /* BaseSettingsLauncherCell.swift */,
			);
			name = Base;
			sourceTree = "<group>";
		};
		922CB1DB1F5A1A9100317951 /* Sections */ = {
			isa = PBXGroup;
			children = (
				922CB1DC1F5A1A9A00317951 /* Home */,
				922CB1DD1F5A1AEF00317951 /* Trending */,
				922CB1DE1F5A1AFC00317951 /* Subscriptions */,
				922CB1DF1F5A1B0F00317951 /* Library */,
			);
			name = Sections;
			sourceTree = "<group>";
		};
		922CB1DC1F5A1A9A00317951 /* Home */ = {
			isa = PBXGroup;
			children = (
				922CB1E01F5A1B4400317951 /* HomeView.swift */,
			);
			name = Home;
			sourceTree = "<group>";
		};
		922CB1DD1F5A1AEF00317951 /* Trending */ = {
			isa = PBXGroup;
			children = (
			);
			name = Trending;
			sourceTree = "<group>";
		};
		922CB1DE1F5A1AFC00317951 /* Subscriptions */ = {
			isa = PBXGroup;
			children = (
			);
			name = Subscriptions;
			sourceTree = "<group>";
		};
		922CB1DF1F5A1B0F00317951 /* Library */ = {
			isa = PBXGroup;
			children = (
			);
			name = Library;
			sourceTree = "<group>";
		};
		922CB1E31F63361000317951 /* VideoPlayer */ = {
			isa = PBXGroup;
			children = (
				922CB1E41F63376D00317951 /* VideoPlayerView.swift */,
				922CB1E61F63379B00317951 /* VideoPlayerViewModel.swift */,
			);
			name = VideoPlayer;
			sourceTree = "<group>";
		};
		925952A91EEB28790050D14F = {
			isa = PBXGroup;
			children = (
				925952B41EEB28790050D14F /* YouTubeApp */,
				0482CCC2D471244F8989C0FE /* Pods */,
				946777DF6108DEA0E5AAA530 /* Frameworks */,
			);
			sourceTree = "<group>";
		};
		925952B31EEB28790050D14F /* Products */ = {
			isa = PBXGroup;
			children = (
				925952B21EEB28790050D14F /* YouTubeApp.app */,
			);
			name = Products;
			path = ..;
			sourceTree = "<group>";
		};
		925952B41EEB28790050D14F /* YouTubeApp */ = {
			isa = PBXGroup;
			children = (
				925952B51EEB28790050D14F /* AppDelegate.swift */,
				92294A8D1EEC541600D09883 /* AppCoodinator.swift */,
				92294A921EED13FF00D09883 /* AppAppearance.swift */,
				92294A8B1EEC51C300D09883 /* Coordinator.swift */,
				925952C71EEB2E010050D14F /* UI */,
				925952C81EEB2E140050D14F /* Data */,
				92294A9F1EED9FC900D09883 /* Base */,
				92294A8F1EEC64ED00D09883 /* Extensions */,
				925952CA1EEB2E500050D14F /* Supporting */,
				925952BC1EEB28790050D14F /* Assets.xcassets */,
				925952BE1EEB28790050D14F /* LaunchScreen.storyboard */,
				925952B31EEB28790050D14F /* Products */,
			);
			path = YouTubeApp;
			sourceTree = "<group>";
		};
		925952C71EEB2E010050D14F /* UI */ = {
			isa = PBXGroup;
			children = (
				922CB1E31F63361000317951 /* VideoPlayer */,
				925952CB1EEB2E9E0050D14F /* Home */,
			);
			name = UI;
			sourceTree = "<group>";
		};
		925952C81EEB2E140050D14F /* Data */ = {
			isa = PBXGroup;
			children = (
				925952C91EEB2E350050D14F /* Entities */,
			);
			name = Data;
			sourceTree = "<group>";
		};
		925952C91EEB2E350050D14F /* Entities */ = {
			isa = PBXGroup;
			children = (
				92294A851EEC4B7200D09883 /* Video.swift */,
				92D0F51C1EF173A200754E88 /* Channel.swift */,
			);
			name = Entities;
			sourceTree = "<group>";
		};
		925952CA1EEB2E500050D14F /* Supporting */ = {
			isa = PBXGroup;
			children = (
				925952C11EEB28790050D14F /* Info.plist */,
			);
			name = Supporting;
			sourceTree = "<group>";
		};
		925952CB1EEB2E9E0050D14F /* Home */ = {
			isa = PBXGroup;
			children = (
				925952B71EEB28790050D14F /* HomeController.swift */,
				925952CC1EEB2FA40050D14F /* HomeViewModel.swift */,
				92294A891EEC515E00D09883 /* HomeCoordinator.swift */,
				922CB1DB1F5A1A9100317951 /* Sections */,
				92294A801EEC3EE500D09883 /* Cell */,
			);
			name = Home;
			sourceTree = "<group>";
		};
		946777DF6108DEA0E5AAA530 /* Frameworks */ = {
			isa = PBXGroup;
			children = (
				38C3D2EB29881FDBE9E13357 /* Pods_YouTubeApp.framework */,
			);
			name = Frameworks;
			sourceTree = "<group>";
		};
/* End PBXGroup section */

/* Begin PBXNativeTarget section */
		925952B11EEB28790050D14F /* YouTubeApp */ = {
			isa = PBXNativeTarget;
			buildConfigurationList = 925952C41EEB28790050D14F /* Build configuration list for PBXNativeTarget "YouTubeApp" */;
			buildPhases = (
				CD5740202CB3C6FC610A1613 /* [CP] Check Pods Manifest.lock */,
				925952AE1EEB28790050D14F /* Sources */,
				925952AF1EEB28790050D14F /* Frameworks */,
				925952B01EEB28790050D14F /* Resources */,
				BD886C70C29CC3F0B39C6965 /* [CP] Embed Pods Frameworks */,
				6700586918FD8174DE4003F1 /* [CP] Copy Pods Resources */,
			);
			buildRules = (
			);
			dependencies = (
			);
			name = YouTubeApp;
			productName = YouTubeApp;
			productReference = 925952B21EEB28790050D14F /* YouTubeApp.app */;
			productType = "com.apple.product-type.application";
		};
/* End PBXNativeTarget section */

/* Begin PBXProject section */
		925952AA1EEB28790050D14F /* Project object */ = {
			isa = PBXProject;
			attributes = {
				LastSwiftUpdateCheck = 0830;
				LastUpgradeCheck = 0830;
				ORGANIZATIONNAME = "Luis Arias";
				TargetAttributes = {
					925952B11EEB28790050D14F = {
						CreatedOnToolsVersion = 8.3.1;
						DevelopmentTeam = G9KYNT8JLN;
						ProvisioningStyle = Automatic;
					};
				};
			};
			buildConfigurationList = 925952AD1EEB28790050D14F /* Build configuration list for PBXProject "YouTubeApp" */;
			compatibilityVersion = "Xcode 3.2";
			developmentRegion = English;
			hasScannedForEncodings = 0;
			knownRegions = (
				en,
				Base,
			);
			mainGroup = 925952A91EEB28790050D14F;
			productRefGroup = 925952B31EEB28790050D14F /* Products */;
			projectDirPath = "";
			projectRoot = "";
			targets = (
				925952B11EEB28790050D14F /* YouTubeApp */,
			);
		};
/* End PBXProject section */

/* Begin PBXResourcesBuildPhase section */
		925952B01EEB28790050D14F /* Resources */ = {
			isa = PBXResourcesBuildPhase;
			buildActionMask = 2147483647;
			files = (
				925952C01EEB28790050D14F /* LaunchScreen.storyboard in Resources */,
				925952BD1EEB28790050D14F /* Assets.xcassets in Resources */,
			);
			runOnlyForDeploymentPostprocessing = 0;
		};
/* End PBXResourcesBuildPhase section */

/* Begin PBXShellScriptBuildPhase section */
		6700586918FD8174DE4003F1 /* [CP] Copy Pods Resources */ = {
			isa = PBXShellScriptBuildPhase;
			buildActionMask = 2147483647;
			files = (
			);
			inputPaths = (
			);
			name = "[CP] Copy Pods Resources";
			outputPaths = (
			);
			runOnlyForDeploymentPostprocessing = 0;
			shellPath = /bin/sh;
			shellScript = "\"${SRCROOT}/Pods/Target Support Files/Pods-YouTubeApp/Pods-YouTubeApp-resources.sh\"\n";
			showEnvVarsInLog = 0;
		};
		BD886C70C29CC3F0B39C6965 /* [CP] Embed Pods Frameworks */ = {
			isa = PBXShellScriptBuildPhase;
			buildActionMask = 2147483647;
			files = (
			);
			inputPaths = (
			);
			name = "[CP] Embed Pods Frameworks";
			outputPaths = (
			);
			runOnlyForDeploymentPostprocessing = 0;
			shellPath = /bin/sh;
			shellScript = "\"${SRCROOT}/Pods/Target Support Files/Pods-YouTubeApp/Pods-YouTubeApp-frameworks.sh\"\n";
			showEnvVarsInLog = 0;
		};
		CD5740202CB3C6FC610A1613 /* [CP] Check Pods Manifest.lock */ = {
			isa = PBXShellScriptBuildPhase;
			buildActionMask = 2147483647;
			files = (
			);
			inputPaths = (
			);
			name = "[CP] Check Pods Manifest.lock";
			outputPaths = (
			);
			runOnlyForDeploymentPostprocessing = 0;
			shellPath = /bin/sh;
			shellScript = "diff \"${PODS_PODFILE_DIR_PATH}/Podfile.lock\" \"${PODS_ROOT}/Manifest.lock\" > /dev/null\nif [ $? != 0 ] ; then\n    # print error to STDERR\n    echo \"error: The sandbox is not in sync with the Podfile.lock. Run 'pod install' or update your CocoaPods installation.\" >&2\n    exit 1\nfi\n";
			showEnvVarsInLog = 0;
		};
/* End PBXShellScriptBuildPhase section */

/* Begin PBXSourcesBuildPhase section */
		925952AE1EEB28790050D14F /* Sources */ = {
			isa = PBXSourcesBuildPhase;
			buildActionMask = 2147483647;
			files = (
				92294A911EEC650A00D09883 /* UIView.swift in Sources */,
				92294A951EED235700D09883 /* UIColor.swift in Sources */,
				92294A8C1EEC51C300D09883 /* Coordinator.swift in Sources */,
				92AF1F3F1F17B808007ABBC3 /* BaseSettingsLauncher.swift in Sources */,
				922CB1E71F63379B00317951 /* VideoPlayerViewModel.swift in Sources */,
				925952B81EEB28790050D14F /* HomeController.swift in Sources */,
				922CB1E11F5A1B4400317951 /* HomeView.swift in Sources */,
				92294A931EED13FF00D09883 /* AppAppearance.swift in Sources */,
				92294AA11EED9FE500D09883 /* BaseCell.swift in Sources */,
				922CB1E51F63376D00317951 /* VideoPlayerView.swift in Sources */,
				921B51CC1F23A13E001BB8D7 /* BaseSettingsLauncherCell.swift in Sources */,
				92294A861EEC4B7200D09883 /* Video.swift in Sources */,
				92D0F51D1EF173A200754E88 /* Channel.swift in Sources */,
				92294A841EEC3F3F00D09883 /* VideoCellViewModel.swift in Sources */,
				92294A821EEC3F0700D09883 /* VideoCell.swift in Sources */,
				92294A8E1EEC541600D09883 /* AppCoodinator.swift in Sources */,
				925952CD1EEB2FA40050D14F /* HomeViewModel.swift in Sources */,
				92294A8A1EEC515E00D09883 /* HomeCoordinator.swift in Sources */,
				925952B61EEB28790050D14F /* AppDelegate.swift in Sources */,
			);
			runOnlyForDeploymentPostprocessing = 0;
		};
/* End PBXSourcesBuildPhase section */

/* Begin PBXVariantGroup section */
		925952BE1EEB28790050D14F /* LaunchScreen.storyboard */ = {
			isa = PBXVariantGroup;
			children = (
				925952BF1EEB28790050D14F /* Base */,
			);
			name = LaunchScreen.storyboard;
			sourceTree = "<group>";
		};
/* End PBXVariantGroup section */

/* Begin XCBuildConfiguration section */
		925952C21EEB28790050D14F /* Debug */ = {
			isa = XCBuildConfiguration;
			buildSettings = {
				ALWAYS_SEARCH_USER_PATHS = NO;
				CLANG_ANALYZER_NONNULL = YES;
				CLANG_ANALYZER_NUMBER_OBJECT_CONVERSION = YES_AGGRESSIVE;
				CLANG_CXX_LANGUAGE_STANDARD = "gnu++0x";
				CLANG_CXX_LIBRARY = "libc++";
				CLANG_ENABLE_MODULES = YES;
				CLANG_ENABLE_OBJC_ARC = YES;
				CLANG_WARN_BOOL_CONVERSION = YES;
				CLANG_WARN_CONSTANT_CONVERSION = YES;
				CLANG_WARN_DIRECT_OBJC_ISA_USAGE = YES_ERROR;
				CLANG_WARN_DOCUMENTATION_COMMENTS = YES;
				CLANG_WARN_EMPTY_BODY = YES;
				CLANG_WARN_ENUM_CONVERSION = YES;
				CLANG_WARN_INFINITE_RECURSION = YES;
				CLANG_WARN_INT_CONVERSION = YES;
				CLANG_WARN_OBJC_ROOT_CLASS = YES_ERROR;
				CLANG_WARN_SUSPICIOUS_MOVE = YES;
				CLANG_WARN_UNREACHABLE_CODE = YES;
				CLANG_WARN__DUPLICATE_METHOD_MATCH = YES;
				"CODE_SIGN_IDENTITY[sdk=iphoneos*]" = "iPhone Developer";
				COPY_PHASE_STRIP = NO;
				DEBUG_INFORMATION_FORMAT = dwarf;
				ENABLE_STRICT_OBJC_MSGSEND = YES;
				ENABLE_TESTABILITY = YES;
				GCC_C_LANGUAGE_STANDARD = gnu99;
				GCC_DYNAMIC_NO_PIC = NO;
				GCC_NO_COMMON_BLOCKS = YES;
				GCC_OPTIMIZATION_LEVEL = 0;
				GCC_PREPROCESSOR_DEFINITIONS = (
					"DEBUG=1",
					"$(inherited)",
				);
				GCC_WARN_64_TO_32_BIT_CONVERSION = YES;
				GCC_WARN_ABOUT_RETURN_TYPE = YES_ERROR;
				GCC_WARN_UNDECLARED_SELECTOR = YES;
				GCC_WARN_UNINITIALIZED_AUTOS = YES_AGGRESSIVE;
				GCC_WARN_UNUSED_FUNCTION = YES;
				GCC_WARN_UNUSED_VARIABLE = YES;
				IPHONEOS_DEPLOYMENT_TARGET = 10.3;
				MTL_ENABLE_DEBUG_INFO = YES;
				ONLY_ACTIVE_ARCH = YES;
				SDKROOT = iphoneos;
				SWIFT_ACTIVE_COMPILATION_CONDITIONS = DEBUG;
				SWIFT_OPTIMIZATION_LEVEL = "-Onone";
			};
			name = Debug;
		};
		925952C31EEB28790050D14F /* Release */ = {
			isa = XCBuildConfiguration;
			buildSettings = {
				ALWAYS_SEARCH_USER_PATHS = NO;
				CLANG_ANALYZER_NONNULL = YES;
				CLANG_ANALYZER_NUMBER_OBJECT_CONVERSION = YES_AGGRESSIVE;
				CLANG_CXX_LANGUAGE_STANDARD = "gnu++0x";
				CLANG_CXX_LIBRARY = "libc++";
				CLANG_ENABLE_MODULES = YES;
				CLANG_ENABLE_OBJC_ARC = YES;
				CLANG_WARN_BOOL_CONVERSION = YES;
				CLANG_WARN_CONSTANT_CONVERSION = YES;
				CLANG_WARN_DIRECT_OBJC_ISA_USAGE = YES_ERROR;
				CLANG_WARN_DOCUMENTATION_COMMENTS = YES;
				CLANG_WARN_EMPTY_BODY = YES;
				CLANG_WARN_ENUM_CONVERSION = YES;
				CLANG_WARN_INFINITE_RECURSION = YES;
				CLANG_WARN_INT_CONVERSION = YES;
				CLANG_WARN_OBJC_ROOT_CLASS = YES_ERROR;
				CLANG_WARN_SUSPICIOUS_MOVE = YES;
				CLANG_WARN_UNREACHABLE_CODE = YES;
				CLANG_WARN__DUPLICATE_METHOD_MATCH = YES;
				"CODE_SIGN_IDENTITY[sdk=iphoneos*]" = "iPhone Developer";
				COPY_PHASE_STRIP = NO;
				DEBUG_INFORMATION_FORMAT = "dwarf-with-dsym";
				ENABLE_NS_ASSERTIONS = NO;
				ENABLE_STRICT_OBJC_MSGSEND = YES;
				GCC_C_LANGUAGE_STANDARD = gnu99;
				GCC_NO_COMMON_BLOCKS = YES;
				GCC_WARN_64_TO_32_BIT_CONVERSION = YES;
				GCC_WARN_ABOUT_RETURN_TYPE = YES_ERROR;
				GCC_WARN_UNDECLARED_SELECTOR = YES;
				GCC_WARN_UNINITIALIZED_AUTOS = YES_AGGRESSIVE;
				GCC_WARN_UNUSED_FUNCTION = YES;
				GCC_WARN_UNUSED_VARIABLE = YES;
				IPHONEOS_DEPLOYMENT_TARGET = 10.3;
				MTL_ENABLE_DEBUG_INFO = NO;
				SDKROOT = iphoneos;
				SWIFT_OPTIMIZATION_LEVEL = "-Owholemodule";
				VALIDATE_PRODUCT = YES;
			};
			name = Release;
		};
		925952C51EEB28790050D14F /* Debug */ = {
			isa = XCBuildConfiguration;
			baseConfigurationReference = CC593323F3589F36B4788168 /* Pods-YouTubeApp.debug.xcconfig */;
			buildSettings = {
				ASSETCATALOG_COMPILER_APPICON_NAME = AppIcon;
				DEVELOPMENT_TEAM = G9KYNT8JLN;
				INFOPLIST_FILE = YouTubeApp/Info.plist;
				LD_RUNPATH_SEARCH_PATHS = "$(inherited) @executable_path/Frameworks";
				PRODUCT_BUNDLE_IDENTIFIER = com.terco.YouTubeApp;
				PRODUCT_NAME = "$(TARGET_NAME)";
				SWIFT_VERSION = 3.0;
			};
			name = Debug;
		};
		925952C61EEB28790050D14F /* Release */ = {
			isa = XCBuildConfiguration;
			baseConfigurationReference = CEE90447F267E0ED70AFBE41 /* Pods-YouTubeApp.release.xcconfig */;
			buildSettings = {
				ASSETCATALOG_COMPILER_APPICON_NAME = AppIcon;
				DEVELOPMENT_TEAM = G9KYNT8JLN;
				INFOPLIST_FILE = YouTubeApp/Info.plist;
				LD_RUNPATH_SEARCH_PATHS = "$(inherited) @executable_path/Frameworks";
				PRODUCT_BUNDLE_IDENTIFIER = com.terco.YouTubeApp;
				PRODUCT_NAME = "$(TARGET_NAME)";
				SWIFT_VERSION = 3.0;
			};
			name = Release;
		};
/* End XCBuildConfiguration section */

/* Begin XCConfigurationList section */
		925952AD1EEB28790050D14F /* Build configuration list for PBXProject "YouTubeApp" */ = {
			isa = XCConfigurationList;
			buildConfigurations = (
				925952C21EEB28790050D14F /* Debug */,
				925952C31EEB28790050D14F /* Release */,
			);
			defaultConfigurationIsVisible = 0;
			defaultConfigurationName = Release;
		};
		925952C41EEB28790050D14F /* Build configuration list for PBXNativeTarget "YouTubeApp" */ = {
			isa = XCConfigurationList;
			buildConfigurations = (
				925952C51EEB28790050D14F /* Debug */,
				925952C61EEB28790050D14F /* Release */,
			);
			defaultConfigurationIsVisible = 0;
			defaultConfigurationName = Release;
		};
/* End XCConfigurationList section */
	};
	rootObject = 925952AA1EEB28790050D14F /* Project object */;
}
