PODS:
  - Alamofire (4.5.0)
  - LAMenuBar (0.1.0)

DEPENDENCIES:
  - Alamofire (~> 4.4)
  - LAMenuBar (from `https://github.com/lugearma/LAMenuBar.git`)

EXTERNAL SOURCES:
  LAMenuBar:
    :git: https://github.com/lugearma/LAMenuBar.git

CHECKOUT OPTIONS:
  LAMenuBar:
    :commit: 5401da2b3d4315dc161789c61fe2e2dd298bb0be
    :git: https://github.com/lugearma/LAMenuBar.git

SPEC CHECKSUMS:
  Alamofire: f28cdffd29de33a7bfa022cbd63ae95a27fae140
  LAMenuBar: 591d2392ed858ece5b92b94f14715e13151ed899

PODFILE CHECKSUM: aa7a6af8b7c9139448ffa0e8498dcd134d624314

COCOAPODS: 1.2.1
