PODS:
  - Alamofire (4.5.1)
  - LAMenuBar (0.1.0)
  - LASettingsLauncherMenu (0.1.0)

DEPENDENCIES:
  - Alamofire (~> 4.4)
  - LAMenuBar (from `https://github.com/lugearma/LAMenuBar.git`)
  - LASettingsLauncherMenu (from `https://github.com/lugearma/LASettingsLauncherMenu.git`)

EXTERNAL SOURCES:
  LAMenuBar:
    :git: https://github.com/lugearma/LAMenuBar.git
  LASettingsLauncherMenu:
    :git: https://github.com/lugearma/LASettingsLauncherMenu.git

CHECKOUT OPTIONS:
  LAMenuBar:
    :commit: 7929d2962ea46332ea4ff61038f4eb0aee462d3e
    :git: https://github.com/lugearma/LAMenuBar.git
  LASettingsLauncherMenu:
    :commit: 15a2d452eae147cee05a5f652f05c310a06c1680
    :git: https://github.com/lugearma/LASettingsLauncherMenu.git

SPEC CHECKSUMS:
  Alamofire: 2d95912bf4c34f164fdfc335872e8c312acaea4a
  LAMenuBar: 591d2392ed858ece5b92b94f14715e13151ed899
  LASettingsLauncherMenu: 3096d2d31c9f0466f3e19174b4e5b4ee087166a7

PODFILE CHECKSUM: 29a63777c9bcfffb930af4602116615ed41617f1

COCOAPODS: 1.3.1
